// !$*UTF8*$!
{
	archiveVersion = 1;
	classes = {
	};
	objectVersion = 46;
	objects = {

/* Begin PBXBuildFile section */
		1A25AD4B1A52C7F10027D005 /* AppDelegate.swift in Sources */ = {isa = PBXBuildFile; fileRef = 1A25AD4A1A52C7F10027D005 /* AppDelegate.swift */; };
		1A25AD4D1A52C7F10027D005 /* ViewController.swift in Sources */ = {isa = PBXBuildFile; fileRef = 1A25AD4C1A52C7F10027D005 /* ViewController.swift */; };
		1A25AD501A52C7F10027D005 /* Main.storyboard in Resources */ = {isa = PBXBuildFile; fileRef = 1A25AD4E1A52C7F10027D005 /* Main.storyboard */; };
		1A25AD521A52C7F10027D005 /* Images.xcassets in Resources */ = {isa = PBXBuildFile; fileRef = 1A25AD511A52C7F10027D005 /* Images.xcassets */; };
		1A25AD551A52C7F10027D005 /* LaunchScreen.xib in Resources */ = {isa = PBXBuildFile; fileRef = 1A25AD531A52C7F10027D005 /* LaunchScreen.xib */; };
		1A25AD611A52C7F10027D005 /* PopoverTestTests.swift in Sources */ = {isa = PBXBuildFile; fileRef = 1A25AD601A52C7F10027D005 /* PopoverTestTests.swift */; };
/* End PBXBuildFile section */

/* Begin PBXContainerItemProxy section */
		1A25AD5B1A52C7F10027D005 /* PBXContainerItemProxy */ = {
			isa = PBXContainerItemProxy;
			containerPortal = 1A25AD3D1A52C7F10027D005 /* Project object */;
			proxyType = 1;
			remoteGlobalIDString = 1A25AD441A52C7F10027D005;
			remoteInfo = PopoverTest;
		};
/* End PBXContainerItemProxy section */

/* Begin PBXFileReference section */
		1A25AD451A52C7F10027D005 /* PopoverTest.app */ = {isa = PBXFileReference; explicitFileType = wrapper.application; includeInIndex = 0; path = PopoverTest.app; sourceTree = BUILT_PRODUCTS_DIR; };
		1A25AD491A52C7F10027D005 /* Info.plist */ = {isa = PBXFileReference; lastKnownFileType = text.plist.xml; path = Info.plist; sourceTree = "<group>"; };
		1A25AD4A1A52C7F10027D005 /* AppDelegate.swift */ = {isa = PBXFileReference; lastKnownFileType = sourcecode.swift; path = AppDelegate.swift; sourceTree = "<group>"; };
		1A25AD4C1A52C7F10027D005 /* ViewController.swift */ = {isa = PBXFileReference; lastKnownFileType = sourcecode.swift; path = ViewController.swift; sourceTree = "<group>"; };
		1A25AD4F1A52C7F10027D005 /* Base */ = {isa = PBXFileReference; lastKnownFileType = file.storyboard; name = Base; path = Base.lproj/Main.storyboard; sourceTree = "<group>"; };
		1A25AD511A52C7F10027D005 /* Images.xcassets */ = {isa = PBXFileReference; lastKnownFileType = folder.assetcatalog; path = Images.xcassets; sourceTree = "<group>"; };
		1A25AD541A52C7F10027D005 /* Base */ = {isa = PBXFileReference; lastKnownFileType = file.xib; name = Base; path = Base.lproj/LaunchScreen.xib; sourceTree = "<group>"; };
		1A25AD5A1A52C7F10027D005 /* PopoverTestTests.xctest */ = {isa = PBXFileReference; explicitFileType = wrapper.cfbundle; includeInIndex = 0; path = PopoverTestTests.xctest; sourceTree = BUILT_PRODUCTS_DIR; };
		1A25AD5F1A52C7F10027D005 /* Info.plist */ = {isa = PBXFileReference; lastKnownFileType = text.plist.xml; path = Info.plist; sourceTree = "<group>"; };
		1A25AD601A52C7F10027D005 /* PopoverTestTests.swift */ = {isa = PBXFileReference; lastKnownFileType = sourcecode.swift; path = PopoverTestTests.swift; sourceTree = "<group>"; };
/* End PBXFileReference section */

/* Begin PBXFrameworksBuildPhase section */
		1A25AD421A52C7F10027D005 /* Frameworks */ = {
			isa = PBXFrameworksBuildPhase;
			buildActionMask = 2147483647;
			files = (
			);
			runOnlyForDeploymentPostprocessing = 0;
		};
		1A25AD571A52C7F10027D005 /* Frameworks */ = {
			isa = PBXFrameworksBuildPhase;
			buildActionMask = 2147483647;
			files = (
			);
			runOnlyForDeploymentPostprocessing = 0;
		};
/* End PBXFrameworksBuildPhase section */

/* Begin PBXGroup section */
		1A25AD3C1A52C7F10027D005 = {
			isa = PBXGroup;
			children = (
				1A25AD471A52C7F10027D005 /* PopoverTest */,
				1A25AD5D1A52C7F10027D005 /* PopoverTestTests */,
				1A25AD461A52C7F10027D005 /* Products */,
			);
			sourceTree = "<group>";
		};
		1A25AD461A52C7F10027D005 /* Products */ = {
			isa = PBXGroup;
			children = (
				1A25AD451A52C7F10027D005 /* PopoverTest.app */,
				1A25AD5A1A52C7F10027D005 /* PopoverTestTests.xctest */,
			);
			name = Products;
			sourceTree = "<group>";
		};
		1A25AD471A52C7F10027D005 /* PopoverTest */ = {
			isa = PBXGroup;
			children = (
				1A25AD4A1A52C7F10027D005 /* AppDelegate.swift */,
				1A25AD4C1A52C7F10027D005 /* ViewController.swift */,
				1A25AD4E1A52C7F10027D005 /* Main.storyboard */,
				1A25AD511A52C7F10027D005 /* Images.xcassets */,
				1A25AD531A52C7F10027D005 /* LaunchScreen.xib */,
				1A25AD481A52C7F10027D005 /* Supporting Files */,
			);
			path = PopoverTest;
			sourceTree = "<group>";
		};
		1A25AD481A52C7F10027D005 /* Supporting Files */ = {
			isa = PBXGroup;
			children = (
				1A25AD491A52C7F10027D005 /* Info.plist */,
			);
			name = "Supporting Files";
			sourceTree = "<group>";
		};
		1A25AD5D1A52C7F10027D005 /* PopoverTestTests */ = {
			isa = PBXGroup;
			children = (
				1A25AD601A52C7F10027D005 /* PopoverTestTests.swift */,
				1A25AD5E1A52C7F10027D005 /* Supporting Files */,
			);
			path = PopoverTestTests;
			sourceTree = "<group>";
		};
		1A25AD5E1A52C7F10027D005 /* Supporting Files */ = {
			isa = PBXGroup;
			children = (
				1A25AD5F1A52C7F10027D005 /* Info.plist */,
			);
			name = "Supporting Files";
			sourceTree = "<group>";
		};
/* End PBXGroup section */

/* Begin PBXNativeTarget section */
		1A25AD441A52C7F10027D005 /* PopoverTest */ = {
			isa = PBXNativeTarget;
			buildConfigurationList = 1A25AD641A52C7F10027D005 /* Build configuration list for PBXNativeTarget "PopoverTest" */;
			buildPhases = (
				1A25AD411A52C7F10027D005 /* Sources */,
				1A25AD421A52C7F10027D005 /* Frameworks */,
				1A25AD431A52C7F10027D005 /* Resources */,
			);
			buildRules = (
			);
			dependencies = (
			);
			name = PopoverTest;
			productName = PopoverTest;
			productReference = 1A25AD451A52C7F10027D005 /* PopoverTest.app */;
			productType = "com.apple.product-type.application";
		};
		1A25AD591A52C7F10027D005 /* PopoverTestTests */ = {
			isa = PBXNativeTarget;
			buildConfigurationList = 1A25AD671A52C7F10027D005 /* Build configuration list for PBXNativeTarget "PopoverTestTests" */;
			buildPhases = (
				1A25AD561A52C7F10027D005 /* Sources */,
				1A25AD571A52C7F10027D005 /* Frameworks */,
				1A25AD581A52C7F10027D005 /* Resources */,
			);
			buildRules = (
			);
			dependencies = (
				1A25AD5C1A52C7F10027D005 /* PBXTargetDependency */,
			);
			name = PopoverTestTests;
			productName = PopoverTestTests;
			productReference = 1A25AD5A1A52C7F10027D005 /* PopoverTestTests.xctest */;
			productType = "com.apple.product-type.bundle.unit-test";
		};
/* End PBXNativeTarget section */

/* Begin PBXProject section */
		1A25AD3D1A52C7F10027D005 /* Project object */ = {
			isa = PBXProject;
			attributes = {
				LastUpgradeCheck = 0610;
				ORGANIZATIONNAME = "Dell Software";
				TargetAttributes = {
					1A25AD441A52C7F10027D005 = {
						CreatedOnToolsVersion = 6.1;
					};
					1A25AD591A52C7F10027D005 = {
						CreatedOnToolsVersion = 6.1;
						TestTargetID = 1A25AD441A52C7F10027D005;
					};
				};
			};
			buildConfigurationList = 1A25AD401A52C7F10027D005 /* Build configuration list for PBXProject "PopoverTest" */;
			compatibilityVersion = "Xcode 3.2";
			developmentRegion = English;
			hasScannedForEncodings = 0;
			knownRegions = (
				en,
				Base,
			);
			mainGroup = 1A25AD3C1A52C7F10027D005;
			productRefGroup = 1A25AD461A52C7F10027D005 /* Products */;
			projectDirPath = "";
			projectRoot = "";
			targets = (
				1A25AD441A52C7F10027D005 /* PopoverTest */,
				1A25AD591A52C7F10027D005 /* PopoverTestTests */,
			);
		};
/* End PBXProject section */

/* Begin PBXResourcesBuildPhase section */
		1A25AD431A52C7F10027D005 /* Resources */ = {
			isa = PBXResourcesBuildPhase;
			buildActionMask = 2147483647;
			files = (
				1A25AD501A52C7F10027D005 /* Main.storyboard in Resources */,
				1A25AD551A52C7F10027D005 /* LaunchScreen.xib in Resources */,
				1A25AD521A52C7F10027D005 /* Images.xcassets in Resources */,
			);
			runOnlyForDeploymentPostprocessing = 0;
		};
		1A25AD581A52C7F10027D005 /* Resources */ = {
			isa = PBXResourcesBuildPhase;
			buildActionMask = 2147483647;
			files = (
			);
			runOnlyForDeploymentPostprocessing = 0;
		};
/* End PBXResourcesBuildPhase section */

/* Begin PBXSourcesBuildPhase section */
		1A25AD411A52C7F10027D005 /* Sources */ = {
			isa = PBXSourcesBuildPhase;
			buildActionMask = 2147483647;
			files = (
				1A25AD4D1A52C7F10027D005 /* ViewController.swift in Sources */,
				1A25AD4B1A52C7F10027D005 /* AppDelegate.swift in Sources */,
			);
			runOnlyForDeploymentPostprocessing = 0;
		};
		1A25AD561A52C7F10027D005 /* Sources */ = {
			isa = PBXSourcesBuildPhase;
			buildActionMask = 2147483647;
			files = (
				1A25AD611A52C7F10027D005 /* PopoverTestTests.swift in Sources */,
			);
			runOnlyForDeploymentPostprocessing = 0;
		};
/* End PBXSourcesBuildPhase section */

/* Begin PBXTargetDependency section */
		1A25AD5C1A52C7F10027D005 /* PBXTargetDependency */ = {
			isa = PBXTargetDependency;
			target = 1A25AD441A52C7F10027D005 /* PopoverTest */;
			targetProxy = 1A25AD5B1A52C7F10027D005 /* PBXContainerItemProxy */;
		};
/* End PBXTargetDependency section */

/* Begin PBXVariantGroup section */
		1A25AD4E1A52C7F10027D005 /* Main.storyboard */ = {
			isa = PBXVariantGroup;
			children = (
				1A25AD4F1A52C7F10027D005 /* Base */,
			);
			name = Main.storyboard;
			sourceTree = "<group>";
		};
		1A25AD531A52C7F10027D005 /* LaunchScreen.xib */ = {
			isa = PBXVariantGroup;
			children = (
				1A25AD541A52C7F10027D005 /* Base */,
			);
			name = LaunchScreen.xib;
			sourceTree = "<group>";
		};
/* End PBXVariantGroup section */

/* Begin XCBuildConfiguration section */
		1A25AD621A52C7F10027D005 /* Debug */ = {
			isa = XCBuildConfiguration;
			buildSettings = {
				ALWAYS_SEARCH_USER_PATHS = NO;
				CLANG_CXX_LANGUAGE_STANDARD = "gnu++0x";
				CLANG_CXX_LIBRARY = "libc++";
				CLANG_ENABLE_MODULES = YES;
				CLANG_ENABLE_OBJC_ARC = YES;
				CLANG_WARN_BOOL_CONVERSION = YES;
				CLANG_WARN_CONSTANT_CONVERSION = YES;
				CLANG_WARN_DIRECT_OBJC_ISA_USAGE = YES_ERROR;
				CLANG_WARN_EMPTY_BODY = YES;
				CLANG_WARN_ENUM_CONVERSION = YES;
				CLANG_WARN_INT_CONVERSION = YES;
				CLANG_WARN_OBJC_ROOT_CLASS = YES_ERROR;
				CLANG_WARN_UNREACHABLE_CODE = YES;
				CLANG_WARN__DUPLICATE_METHOD_MATCH = YES;
				"CODE_SIGN_IDENTITY[sdk=iphoneos*]" = "iPhone Developer";
				COPY_PHASE_STRIP = NO;
				ENABLE_STRICT_OBJC_MSGSEND = YES;
				GCC_C_LANGUAGE_STANDARD = gnu99;
				GCC_DYNAMIC_NO_PIC = NO;
				GCC_OPTIMIZATION_LEVEL = 0;
				GCC_PREPROCESSOR_DEFINITIONS = (
					"DEBUG=1",
					"$(inherited)",
				);
				GCC_SYMBOLS_PRIVATE_EXTERN = NO;
				GCC_WARN_64_TO_32_BIT_CONVERSION = YES;
				GCC_WARN_ABOUT_RETURN_TYPE = YES_ERROR;
				GCC_WARN_UNDECLARED_SELECTOR = YES;
				GCC_WARN_UNINITIALIZED_AUTOS = YES_AGGRESSIVE;
				GCC_WARN_UNUSED_FUNCTION = YES;
				GCC_WARN_UNUSED_VARIABLE = YES;
				IPHONEOS_DEPLOYMENT_TARGET = 8.1;
				MTL_ENABLE_DEBUG_INFO = YES;
				ONLY_ACTIVE_ARCH = YES;
				SDKROOT = iphoneos;
				SWIFT_OPTIMIZATION_LEVEL = "-Onone";
			};
			name = Debug;
		};
		1A25AD631A52C7F10027D005 /* Release */ = {
			isa = XCBuildConfiguration;
			buildSettings = {
				ALWAYS_SEARCH_USER_PATHS = NO;
				CLANG_CXX_LANGUAGE_STANDARD = "gnu++0x";
				CLANG_CXX_LIBRARY = "libc++";
				CLANG_ENABLE_MODULES = YES;
				CLANG_ENABLE_OBJC_ARC = YES;
				CLANG_WARN_BOOL_CONVERSION = YES;
				CLANG_WARN_CONSTANT_CONVERSION = YES;
				CLANG_WARN_DIRECT_OBJC_ISA_USAGE = YES_ERROR;
				CLANG_WARN_EMPTY_BODY = YES;
				CLANG_WARN_ENUM_CONVERSION = YES;
				CLANG_WARN_INT_CONVERSION = YES;
				CLANG_WARN_OBJC_ROOT_CLASS = YES_ERROR;
				CLANG_WARN_UNREACHABLE_CODE = YES;
				CLANG_WARN__DUPLICATE_METHOD_MATCH = YES;
				"CODE_SIGN_IDENTITY[sdk=iphoneos*]" = "iPhone Developer";
				COPY_PHASE_STRIP = YES;
				ENABLE_NS_ASSERTIONS = NO;
				ENABLE_STRICT_OBJC_MSGSEND = YES;
				GCC_C_LANGUAGE_STANDARD = gnu99;
				GCC_WARN_64_TO_32_BIT_CONVERSION = YES;
				GCC_WARN_ABOUT_RETURN_TYPE = YES_ERROR;
				GCC_WARN_UNDECLARED_SELECTOR = YES;
				GCC_WARN_UNINITIALIZED_AUTOS = YES_AGGRESSIVE;
				GCC_WARN_UNUSED_FUNCTION = YES;
				GCC_WARN_UNUSED_VARIABLE = YES;
				IPHONEOS_DEPLOYMENT_TARGET = 8.1;
				MTL_ENABLE_DEBUG_INFO = NO;
				SDKROOT = iphoneos;
				VALIDATE_PRODUCT = YES;
			};
			name = Release;
		};
		1A25AD651A52C7F10027D005 /* Debug */ = {
			isa = XCBuildConfiguration;
			buildSettings = {
				ASSETCATALOG_COMPILER_APPICON_NAME = AppIcon;
				CODE_SIGN_IDENTITY = "iPhone Developer";
				INFOPLIST_FILE = PopoverTest/Info.plist;
				LD_RUNPATH_SEARCH_PATHS = "$(inherited) @executable_path/Frameworks";
				PRODUCT_NAME = "$(TARGET_NAME)";
				TARGETED_DEVICE_FAMILY = 1;
			};
			name = Debug;
		};
		1A25AD661A52C7F10027D005 /* Release */ = {
			isa = XCBuildConfiguration;
			buildSettings = {
				ASSETCATALOG_COMPILER_APPICON_NAME = AppIcon;
				CODE_SIGN_IDENTITY = "iPhone Developer";
				INFOPLIST_FILE = PopoverTest/Info.plist;
				LD_RUNPATH_SEARCH_PATHS = "$(inherited) @executable_path/Frameworks";
				PRODUCT_NAME = "$(TARGET_NAME)";
				TARGETED_DEVICE_FAMILY = 1;
			};
			name = Release;
		};
		1A25AD681A52C7F10027D005 /* Debug */ = {
			isa = XCBuildConfiguration;
			buildSettings = {
				BUNDLE_LOADER = "$(TEST_HOST)";
				FRAMEWORK_SEARCH_PATHS = (
					"$(SDKROOT)/Developer/Library/Frameworks",
					"$(inherited)",
				);
				GCC_PREPROCESSOR_DEFINITIONS = (
					"DEBUG=1",
					"$(inherited)",
				);
				INFOPLIST_FILE = PopoverTestTests/Info.plist;
				LD_RUNPATH_SEARCH_PATHS = "$(inherited) @executable_path/Frameworks @loader_path/Frameworks";
				PRODUCT_NAME = "$(TARGET_NAME)";
				TEST_HOST = "$(BUILT_PRODUCTS_DIR)/PopoverTest.app/PopoverTest";
			};
			name = Debug;
		};
		1A25AD691A52C7F10027D005 /* Release */ = {
			isa = XCBuildConfiguration;
			buildSettings = {
				BUNDLE_LOADER = "$(TEST_HOST)";
				FRAMEWORK_SEARCH_PATHS = (
					"$(SDKROOT)/Developer/Library/Frameworks",
					"$(inherited)",
				);
				INFOPLIST_FILE = PopoverTestTests/Info.plist;
				LD_RUNPATH_SEARCH_PATHS = "$(inherited) @executable_path/Frameworks @loader_path/Frameworks";
				PRODUCT_NAME = "$(TARGET_NAME)";
				TEST_HOST = "$(BUILT_PRODUCTS_DIR)/PopoverTest.app/PopoverTest";
			};
			name = Release;
		};
/* End XCBuildConfiguration section */

/* Begin XCConfigurationList section */
		1A25AD401A52C7F10027D005 /* Build configuration list for PBXProject "PopoverTest" */ = {
			isa = XCConfigurationList;
			buildConfigurations = (
				1A25AD621A52C7F10027D005 /* Debug */,
				1A25AD631A52C7F10027D005 /* Release */,
			);
			defaultConfigurationIsVisible = 0;
			defaultConfigurationName = Release;
		};
		1A25AD641A52C7F10027D005 /* Build configuration list for PBXNativeTarget "PopoverTest" */ = {
			isa = XCConfigurationList;
			buildConfigurations = (
				1A25AD651A52C7F10027D005 /* Debug */,
				1A25AD661A52C7F10027D005 /* Release */,
			);
			defaultConfigurationIsVisible = 0;
			defaultConfigurationName = Release;
		};
		1A25AD671A52C7F10027D005 /* Build configuration list for PBXNativeTarget "PopoverTestTests" */ = {
			isa = XCConfigurationList;
			buildConfigurations = (
				1A25AD681A52C7F10027D005 /* Debug */,
				1A25AD691A52C7F10027D005 /* Release */,
			);
			defaultConfigurationIsVisible = 0;
			defaultConfigurationName = Release;
		};
/* End XCConfigurationList section */
	};
	rootObject = 1A25AD3D1A52C7F10027D005 /* Project object */;
}
